
Microsoft Visual Studio Solution File, Format Version 12.00
# Visual Studio Version 16
VisualStudioVersion = 16.0.29424.173
MinimumVisualStudioVersion = 10.0.40219.1
Project("{F2A71F9B-5D33-465A-A702-920D77279786}") = "McLennanCSharpInterop", "McLennanCSharpInterop\McLennanCSharpInterop.fsproj", "{554D6966-BCD5-4B80-B153-D93AC82BEF75}"
EndProject
Project("{FAE04EC0-301F-11D3-BF4B-00C04F79EFBC}") = "CSharpLibrary", "CSharpLibrary\CSharpLibrary.csproj", "{8026A682-F615-4A1C-8559-566012E6ABAA}"
EndProject
Global
	GlobalSection(SolutionConfigurationPlatforms) = preSolution
		Debug|Any CPU = Debug|Any CPU
		Release|Any CPU = Release|Any CPU
	EndGlobalSection
	GlobalSection(ProjectConfigurationPlatforms) = postSolution
		{554D6966-BCD5-4B80-B153-D93AC82BEF75}.Debug|Any CPU.ActiveCfg = Debug|Any CPU
		{554D6966-BCD5-4B80-B153-D93AC82BEF75}.Debug|Any CPU.Build.0 = Debug|Any CPU
		{554D6966-BCD5-4B80-B153-D93AC82BEF75}.Release|Any CPU.ActiveCfg = Release|Any CPU
		{554D6966-BCD5-4B80-B153-D93AC82BEF75}.Release|Any CPU.Build.0 = Release|Any CPU
		{8026A682-F615-4A1C-8559-566012E6ABAA}.Debug|Any CPU.ActiveCfg = Debug|Any CPU
		{8026A682-F615-4A1C-8559-566012E6ABAA}.Debug|Any CPU.Build.0 = Debug|Any CPU
		{8026A682-F615-4A1C-8559-566012E6ABAA}.Release|Any CPU.ActiveCfg = Release|Any CPU
		{8026A682-F615-4A1C-8559-566012E6ABAA}.Release|Any CPU.Build.0 = Release|Any CPU
	EndGlobalSection
	GlobalSection(SolutionProperties) = preSolution
		HideSolutionNode = FALSE
	EndGlobalSection
	GlobalSection(ExtensibilityGlobals) = postSolution
		SolutionGuid = {FC307776-A546-481D-8F6A-15E0970A0A6B}
	EndGlobalSection
EndGlobal
