
Microsoft Visual Studio Solution File, Format Version 12.00
# Visual Studio Version 16
VisualStudioVersion = 16.0.29411.108
MinimumVisualStudioVersion = 10.0.40219.1
Project("{F2A71F9B-5D33-465A-A702-920D77279786}") = "Composer", "Composer\Composer.fsproj", "{11F6F21E-849E-4031-992C-C63B11F017D4}"
EndProject
Project("{F2A71F9B-5D33-465A-A702-920D77279786}") = "Tests", "Tests\Tests.fsproj", "{8E90A2FC-19B7-45C5-ACC5-1D89B034B72C}"
EndProject
Global
	GlobalSection(SolutionConfigurationPlatforms) = preSolution
		Debug|Any CPU = Debug|Any CPU
		Release|Any CPU = Release|Any CPU
	EndGlobalSection
	GlobalSection(ProjectConfigurationPlatforms) = postSolution
		{11F6F21E-849E-4031-992C-C63B11F017D4}.Debug|Any CPU.ActiveCfg = Debug|Any CPU
		{11F6F21E-849E-4031-992C-C63B11F017D4}.Debug|Any CPU.Build.0 = Debug|Any CPU
		{11F6F21E-849E-4031-992C-C63B11F017D4}.Release|Any CPU.ActiveCfg = Release|Any CPU
		{11F6F21E-849E-4031-992C-C63B11F017D4}.Release|Any CPU.Build.0 = Release|Any CPU
		{8E90A2FC-19B7-45C5-ACC5-1D89B034B72C}.Debug|Any CPU.ActiveCfg = Debug|Any CPU
		{8E90A2FC-19B7-45C5-ACC5-1D89B034B72C}.Debug|Any CPU.Build.0 = Debug|Any CPU
		{8E90A2FC-19B7-45C5-ACC5-1D89B034B72C}.Release|Any CPU.ActiveCfg = Release|Any CPU
		{8E90A2FC-19B7-45C5-ACC5-1D89B034B72C}.Release|Any CPU.Build.0 = Release|Any CPU
	EndGlobalSection
	GlobalSection(SolutionProperties) = preSolution
		HideSolutionNode = FALSE
	EndGlobalSection
	GlobalSection(ExtensibilityGlobals) = postSolution
		SolutionGuid = {F74860D3-209E-416F-BDAC-573F1FD41293}
	EndGlobalSection
EndGlobal
